{
  "name": "oracle-ui",
  "version": "1.0.0",
  "lockfileVersion": 1,
  "requires": true,
  "dependencies": {
    "angular": {
      "version": "1.7.7",
      "resolved": "https://registry.npmjs.org/angular/-/angular-1.7.7.tgz",
      "integrity": "sha512-MH3JEGd8y/EkNCKJ8EV6Ch0j9X0rZTta/QVIDpBWaIdfh85/e5KO8+ZKgvWIb02MQuiS20pDFmMFlv4ZaLcLWg=="
    },
    "angularjs": {
      "version": "0.0.1",
      "resolved": "https://registry.npmjs.org/angularjs/-/angularjs-0.0.1.tgz",
      "integrity": "sha1-SW9QxxQVFedB6pdt6JHe8IOLPxk="
    }
  }
}
